
Microsoft Visual Studio Solution File, Format Version 12.00
# Visual Studio Version 16
VisualStudioVersion = 16.0.30907.101
MinimumVisualStudioVersion = 10.0.40219.1
Project("{FAE04EC0-301F-11D3-BF4B-00C04F79EFBC}") = "Ex4", "Ex4.csproj", "{FF31E079-DECF-48FC-9FE9-B442A11B6994}"
EndProject
Global
	GlobalSection(SolutionConfigurationPlatforms) = preSolution
		Debug|Any CPU = Debug|Any CPU
		Release|Any CPU = Release|Any CPU
	EndGlobalSection
	GlobalSection(ProjectConfigurationPlatforms) = postSolution
		{FF31E079-DECF-48FC-9FE9-B442A11B6994}.Debug|Any CPU.ActiveCfg = Debug|Any CPU
		{FF31E079-DECF-48FC-9FE9-B442A11B6994}.Debug|Any CPU.Build.0 = Debug|Any CPU
		{FF31E079-DECF-48FC-9FE9-B442A11B6994}.Release|Any CPU.ActiveCfg = Release|Any CPU
		{FF31E079-DECF-48FC-9FE9-B442A11B6994}.Release|Any CPU.Build.0 = Release|Any CPU
	EndGlobalSection
	GlobalSection(SolutionProperties) = preSolution
		HideSolutionNode = FALSE
	EndGlobalSection
	GlobalSection(ExtensibilityGlobals) = postSolution
		SolutionGuid = {CB1AAF51-0CFD-4434-B72D-9C590B0C02C7}
	EndGlobalSection
EndGlobal
